// !$*UTF8*$!
{
	archiveVersion = 1;
	classes = {
	};
	objectVersion = 46;
	objects = {

/* Begin PBXBuildFile section */
		020C0091178E524C006645D9 /* UIKit.framework in Frameworks */ = {isa = PBXBuildFile; fileRef = 020C0090178E524C006645D9 /* UIKit.framework */; };
		020C0093178E524C006645D9 /* Foundation.framework in Frameworks */ = {isa = PBXBuildFile; fileRef = 020C0092178E524C006645D9 /* Foundation.framework */; };
		020C0095178E524C006645D9 /* CoreGraphics.framework in Frameworks */ = {isa = PBXBuildFile; fileRef = 020C0094178E524C006645D9 /* CoreGraphics.framework */; };
		020C0097178E524C006645D9 /* CoreData.framework in Frameworks */ = {isa = PBXBuildFile; fileRef = 020C0096178E524C006645D9 /* CoreData.framework */; };
		020C009D178E524C006645D9 /* InfoPlist.strings in Resources */ = {isa = PBXBuildFile; fileRef = 020C009B178E524C006645D9 /* InfoPlist.strings */; };
		020C009F178E524C006645D9 /* main.m in Sources */ = {isa = PBXBuildFile; fileRef = 020C009E178E524C006645D9 /* main.m */; };
		020C00A3178E524C006645D9 /* LSAppDelegate.m in Sources */ = {isa = PBXBuildFile; fileRef = 020C00A2178E524C006645D9 /* LSAppDelegate.m */; };
		020C00A5178E524C006645D9 /* Default.png in Resources */ = {isa = PBXBuildFile; fileRef = 020C00A4178E524C006645D9 /* Default.png */; };
		020C00A7178E524C006645D9 /* Default@2x.png in Resources */ = {isa = PBXBuildFile; fileRef = 020C00A6178E524C006645D9 /* Default@2x.png */; };
		020C00A9178E524C006645D9 /* Default-568h@2x.png in Resources */ = {isa = PBXBuildFile; fileRef = 020C00A8178E524C006645D9 /* Default-568h@2x.png */; };
		020C00AC178E524C006645D9 /* LifeSings.xcdatamodeld in Sources */ = {isa = PBXBuildFile; fileRef = 020C00AA178E524C006645D9 /* LifeSings.xcdatamodeld */; };
		020C00B4178E524C006645D9 /* SenTestingKit.framework in Frameworks */ = {isa = PBXBuildFile; fileRef = 020C00B3178E524C006645D9 /* SenTestingKit.framework */; };
		020C00B5178E524C006645D9 /* UIKit.framework in Frameworks */ = {isa = PBXBuildFile; fileRef = 020C0090178E524C006645D9 /* UIKit.framework */; };
		020C00B6178E524C006645D9 /* Foundation.framework in Frameworks */ = {isa = PBXBuildFile; fileRef = 020C0092178E524C006645D9 /* Foundation.framework */; };
		020C00B7178E524C006645D9 /* CoreData.framework in Frameworks */ = {isa = PBXBuildFile; fileRef = 020C0096178E524C006645D9 /* CoreData.framework */; };
		020C00BF178E524C006645D9 /* InfoPlist.strings in Resources */ = {isa = PBXBuildFile; fileRef = 020C00BD178E524C006645D9 /* InfoPlist.strings */; };
		020C00C2178E524C006645D9 /* LifeSingsTests.m in Sources */ = {isa = PBXBuildFile; fileRef = 020C00C1178E524C006645D9 /* LifeSingsTests.m */; };
		020C00CC178E5320006645D9 /* Main.storyboard in Resources */ = {isa = PBXBuildFile; fileRef = 020C00CB178E5320006645D9 /* Main.storyboard */; };
		024E4B7A178FFFA400D6832B /* Accelerate.framework in Frameworks */ = {isa = PBXBuildFile; fileRef = 024E4B79178FFFA400D6832B /* Accelerate.framework */; };
		028E1ACE1797A97D00ABA7AA /* MMSideDrawerSectionHeaderView.m in Sources */ = {isa = PBXBuildFile; fileRef = 028E1ACD1797A97D00ABA7AA /* MMSideDrawerSectionHeaderView.m */; };
		02A3BFD917951D5500D4F201 /* KxIntroView.m in Sources */ = {isa = PBXBuildFile; fileRef = 02A3BFAC17951D5500D4F201 /* KxIntroView.m */; };
		02A3BFDA17951D5500D4F201 /* KxIntroViewController.m in Sources */ = {isa = PBXBuildFile; fileRef = 02A3BFAE17951D5500D4F201 /* KxIntroViewController.m */; };
		02A3BFDB17951D5500D4F201 /* KxIntroViewPage.m in Sources */ = {isa = PBXBuildFile; fileRef = 02A3BFB017951D5500D4F201 /* KxIntroViewPage.m */; };
		02A3BFDC17951D5500D4F201 /* OpenALSupport.c in Sources */ = {isa = PBXBuildFile; fileRef = 02A3BFB217951D5500D4F201 /* OpenALSupport.c */; };
		02A3BFDD17951D5500D4F201 /* SoundBankPlayer.m in Sources */ = {isa = PBXBuildFile; fileRef = 02A3BFB517951D5500D4F201 /* SoundBankPlayer.m */; };
		02A3BFE017951D5500D4F201 /* music.png in Resources */ = {isa = PBXBuildFile; fileRef = 02A3BFBA17951D5500D4F201 /* music.png */; };
		02A3BFE117951D5500D4F201 /* music2.png in Resources */ = {isa = PBXBuildFile; fileRef = 02A3BFBB17951D5500D4F201 /* music2.png */; };
		02A3BFE217951D5500D4F201 /* P200 Piano A#2.caf in Resources */ = {isa = PBXBuildFile; fileRef = 02A3BFBD17951D5500D4F201 /* P200 Piano A#2.caf */; };
		02A3BFE317951D5500D4F201 /* P200 Piano A#3.caf in Resources */ = {isa = PBXBuildFile; fileRef = 02A3BFBE17951D5500D4F201 /* P200 Piano A#3.caf */; };
		02A3BFE417951D5500D4F201 /* P200 Piano A#4.caf in Resources */ = {isa = PBXBuildFile; fileRef = 02A3BFBF17951D5500D4F201 /* P200 Piano A#4.caf */; };
		02A3BFE517951D5500D4F201 /* P200 Piano A#5.caf in Resources */ = {isa = PBXBuildFile; fileRef = 02A3BFC017951D5500D4F201 /* P200 Piano A#5.caf */; };
		02A3BFE617951D5500D4F201 /* P200 Piano A#7.caf in Resources */ = {isa = PBXBuildFile; fileRef = 02A3BFC117951D5500D4F201 /* P200 Piano A#7.caf */; };
		02A3BFE717951D5500D4F201 /* P200 Piano C10.caf in Resources */ = {isa = PBXBuildFile; fileRef = 02A3BFC217951D5500D4F201 /* P200 Piano C10.caf */; };
		02A3BFE817951D5500D4F201 /* P200 Piano C7.caf in Resources */ = {isa = PBXBuildFile; fileRef = 02A3BFC317951D5500D4F201 /* P200 Piano C7.caf */; };
		02A3BFE917951D5500D4F201 /* P200 Piano D#8.caf in Resources */ = {isa = PBXBuildFile; fileRef = 02A3BFC417951D5500D4F201 /* P200 Piano D#8.caf */; };
		02A3BFEA17951D5500D4F201 /* P200 Piano D2.caf in Resources */ = {isa = PBXBuildFile; fileRef = 02A3BFC517951D5500D4F201 /* P200 Piano D2.caf */; };
		02A3BFEB17951D5500D4F201 /* P200 Piano D3.caf in Resources */ = {isa = PBXBuildFile; fileRef = 02A3BFC617951D5500D4F201 /* P200 Piano D3.caf */; };
		02A3BFEC17951D5500D4F201 /* P200 Piano D4.caf in Resources */ = {isa = PBXBuildFile; fileRef = 02A3BFC717951D5500D4F201 /* P200 Piano D4.caf */; };
		02A3BFED17951D5500D4F201 /* P200 Piano D5.caf in Resources */ = {isa = PBXBuildFile; fileRef = 02A3BFC817951D5500D4F201 /* P200 Piano D5.caf */; };
		02A3BFEE17951D5500D4F201 /* P200 Piano D6.caf in Resources */ = {isa = PBXBuildFile; fileRef = 02A3BFC917951D5500D4F201 /* P200 Piano D6.caf */; };
		02A3BFEF17951D5500D4F201 /* P200 Piano F#2.caf in Resources */ = {isa = PBXBuildFile; fileRef = 02A3BFCA17951D5500D4F201 /* P200 Piano F#2.caf */; };
		02A3BFF017951D5500D4F201 /* P200 Piano F#3.caf in Resources */ = {isa = PBXBuildFile; fileRef = 02A3BFCB17951D5500D4F201 /* P200 Piano F#3.caf */; };
		02A3BFF117951D5500D4F201 /* P200 Piano F#4.caf in Resources */ = {isa = PBXBuildFile; fileRef = 02A3BFCC17951D5500D4F201 /* P200 Piano F#4.caf */; };
		02A3BFF217951D5500D4F201 /* P200 Piano F#5.caf in Resources */ = {isa = PBXBuildFile; fileRef = 02A3BFCD17951D5500D4F201 /* P200 Piano F#5.caf */; };
		02A3BFF317951D5500D4F201 /* P200 Piano F#6.caf in Resources */ = {isa = PBXBuildFile; fileRef = 02A3BFCE17951D5500D4F201 /* P200 Piano F#6.caf */; };
		02A3BFF417951D5500D4F201 /* P200 Piano F#7.caf in Resources */ = {isa = PBXBuildFile; fileRef = 02A3BFCF17951D5500D4F201 /* P200 Piano F#7.caf */; };
		02A3BFF517951D5500D4F201 /* P200 Piano G#9.caf in Resources */ = {isa = PBXBuildFile; fileRef = 02A3BFD017951D5500D4F201 /* P200 Piano G#9.caf */; };
		02A3BFF617951D5500D4F201 /* Piano.plist in Resources */ = {isa = PBXBuildFile; fileRef = 02A3BFD117951D5500D4F201 /* Piano.plist */; };
		02A3BFF717951D5500D4F201 /* LSDateHelper.m in Sources */ = {isa = PBXBuildFile; fileRef = 02A3BFD417951D5500D4F201 /* LSDateHelper.m */; };
		02A3BFF817951D5500D4F201 /* LSManagedObjectContextHelper.m in Sources */ = {isa = PBXBuildFile; fileRef = 02A3BFD617951D5500D4F201 /* LSManagedObjectContextHelper.m */; };
		02A3BFF917951D5500D4F201 /* LSSoundPlayerUtil.m in Sources */ = {isa = PBXBuildFile; fileRef = 02A3BFD817951D5500D4F201 /* LSSoundPlayerUtil.m */; };
		02C7881E178E85330035AA75 /* LSMyDay.m in Sources */ = {isa = PBXBuildFile; fileRef = 02C7881D178E85330035AA75 /* LSMyDay.m */; };
		02C78822178E85960035AA75 /* LSMyDayTableViewCell.m in Sources */ = {isa = PBXBuildFile; fileRef = 02C78821178E85960035AA75 /* LSMyDayTableViewCell.m */; };
		02C78825178E86A10035AA75 /* LSMyDaysTableViewController.m in Sources */ = {isa = PBXBuildFile; fileRef = 02C78824178E86A10035AA75 /* LSMyDaysTableViewController.m */; };
		02C7885A178E8C0C0035AA75 /* QuartzCore.framework in Frameworks */ = {isa = PBXBuildFile; fileRef = 02C78859178E8C0C0035AA75 /* QuartzCore.framework */; };
		02C7885C178E8C120035AA75 /* OpenAL.framework in Frameworks */ = {isa = PBXBuildFile; fileRef = 02C7885B178E8C120035AA75 /* OpenAL.framework */; };
		02C7885E178E8C1C0035AA75 /* AudioToolbox.framework in Frameworks */ = {isa = PBXBuildFile; fileRef = 02C7885D178E8C1C0035AA75 /* AudioToolbox.framework */; };
		02CA21E117A2438A005C700C /* intro1.png in Resources */ = {isa = PBXBuildFile; fileRef = 02CA21E017A2438A005C700C /* intro1.png */; };
		02CA21E317A2519A005C700C /* intro2.png in Resources */ = {isa = PBXBuildFile; fileRef = 02CA21E217A2519A005C700C /* intro2.png */; };
		02CA21E517A25B1D005C700C /* intro3.png in Resources */ = {isa = PBXBuildFile; fileRef = 02CA21E417A25B1D005C700C /* intro3.png */; };
		02CC9EE917A21B5D00C26EA0 /* Localizable.strings in Resources */ = {isa = PBXBuildFile; fileRef = 02CC9EEB17A21B5D00C26EA0 /* Localizable.strings */; };
		02E137D617A10CF000DD90BB /* Icon.png in Resources */ = {isa = PBXBuildFile; fileRef = 02E137D517A10CF000DD90BB /* Icon.png */; };
		02E137D817A10CFD00DD90BB /* Icon@2x.png in Resources */ = {isa = PBXBuildFile; fileRef = 02E137D717A10CFD00DD90BB /* Icon@2x.png */; };
		02E48D4B17963A6400A4C8FC /* LSLeftSideMenuViewController.m in Sources */ = {isa = PBXBuildFile; fileRef = 02E48D4917963A6400A4C8FC /* LSLeftSideMenuViewController.m */; };
		02E48D4F17963D0E00A4C8FC /* MMSideDrawerTableViewCell.m in Sources */ = {isa = PBXBuildFile; fileRef = 02E48D4E17963D0E00A4C8FC /* MMSideDrawerTableViewCell.m */; };
		02E48D5217963D4C00A4C8FC /* MMTableViewCell.m in Sources */ = {isa = PBXBuildFile; fileRef = 02E48D5117963D4C00A4C8FC /* MMTableViewCell.m */; };
		1A28623769C9EDB0BCA4291D /* LSNoteSequence.m in Sources */ = {isa = PBXBuildFile; fileRef = 1A28605A972ADC99AE817D4B /* LSNoteSequence.m */; };
		1A2864547F4081E5B851E43A /* iTunesArtwork@2x in Resources */ = {isa = PBXBuildFile; fileRef = 1A2865F0F7EE93D05E1ED5F6 /* iTunesArtwork@2x */; };
		1A28647D596A3B0A7CD19010 /* LS10NoteSequence.m in Sources */ = {isa = PBXBuildFile; fileRef = 1A28614F0A49C43F8E9B4D33 /* LS10NoteSequence.m */; };
		1A28657CCA79CD56ECC44505 /* LS001NoteSequence.m in Sources */ = {isa = PBXBuildFile; fileRef = 1A286ECF97572E5C02C821B0 /* LS001NoteSequence.m */; };
		1A286730160701A3ACE0C8D8 /* iTunesArtwork in Resources */ = {isa = PBXBuildFile; fileRef = 1A286B33A881ECFE2EC85A1D /* iTunesArtwork */; };
		1A286B28091FE40563A13F9B /* LS220000NoteSequence.m in Sources */ = {isa = PBXBuildFile; fileRef = 1A28609CF2DBC52980DD1D6F /* LS220000NoteSequence.m */; };
		1A286DB79C50E4F056777712 /* LSNoteSequencePlayer.m in Sources */ = {isa = PBXBuildFile; fileRef = 1A286688C3265264FE27AC07 /* LSNoteSequencePlayer.m */; };
		5D84F05518274CF99E627926 /* libPods.a in Frameworks */ = {isa = PBXBuildFile; fileRef = 6B1B1A4854FB41CB9203E5DE /* libPods.a */; };
/* End PBXBuildFile section */

/* Begin PBXContainerItemProxy section */
		020C00B8178E524C006645D9 /* PBXContainerItemProxy */ = {
			isa = PBXContainerItemProxy;
			containerPortal = 020C0085178E524C006645D9 /* Project object */;
			proxyType = 1;
			remoteGlobalIDString = 020C008C178E524C006645D9;
			remoteInfo = LifeSings;
		};
/* End PBXContainerItemProxy section */

/* Begin PBXFileReference section */
		020C008D178E524C006645D9 /* LifeSings.app */ = {isa = PBXFileReference; explicitFileType = wrapper.application; includeInIndex = 0; path = LifeSings.app; sourceTree = BUILT_PRODUCTS_DIR; };
		020C0090178E524C006645D9 /* UIKit.framework */ = {isa = PBXFileReference; lastKnownFileType = wrapper.framework; name = UIKit.framework; path = System/Library/Frameworks/UIKit.framework; sourceTree = SDKROOT; };
		020C0092178E524C006645D9 /* Foundation.framework */ = {isa = PBXFileReference; lastKnownFileType = wrapper.framework; name = Foundation.framework; path = System/Library/Frameworks/Foundation.framework; sourceTree = SDKROOT; };
		020C0094178E524C006645D9 /* CoreGraphics.framework */ = {isa = PBXFileReference; lastKnownFileType = wrapper.framework; name = CoreGraphics.framework; path = System/Library/Frameworks/CoreGraphics.framework; sourceTree = SDKROOT; };
		020C0096178E524C006645D9 /* CoreData.framework */ = {isa = PBXFileReference; lastKnownFileType = wrapper.framework; name = CoreData.framework; path = System/Library/Frameworks/CoreData.framework; sourceTree = SDKROOT; };
		020C009A178E524C006645D9 /* LifeSings-Info.plist */ = {isa = PBXFileReference; lastKnownFileType = text.plist.xml; path = "LifeSings-Info.plist"; sourceTree = "<group>"; };
		020C009C178E524C006645D9 /* en */ = {isa = PBXFileReference; lastKnownFileType = text.plist.strings; name = en; path = en.lproj/InfoPlist.strings; sourceTree = "<group>"; };
		020C009E178E524C006645D9 /* main.m */ = {isa = PBXFileReference; lastKnownFileType = sourcecode.c.objc; path = main.m; sourceTree = "<group>"; };
		020C00A0178E524C006645D9 /* LifeSings-Prefix.pch */ = {isa = PBXFileReference; lastKnownFileType = sourcecode.c.h; path = "LifeSings-Prefix.pch"; sourceTree = "<group>"; };
		020C00A1178E524C006645D9 /* LSAppDelegate.h */ = {isa = PBXFileReference; lastKnownFileType = sourcecode.c.h; path = LSAppDelegate.h; sourceTree = "<group>"; };
		020C00A2178E524C006645D9 /* LSAppDelegate.m */ = {isa = PBXFileReference; lastKnownFileType = sourcecode.c.objc; path = LSAppDelegate.m; sourceTree = "<group>"; };
		020C00A4178E524C006645D9 /* Default.png */ = {isa = PBXFileReference; lastKnownFileType = image.png; path = Default.png; sourceTree = "<group>"; };
		020C00A6178E524C006645D9 /* Default@2x.png */ = {isa = PBXFileReference; lastKnownFileType = image.png; path = "Default@2x.png"; sourceTree = "<group>"; };
		020C00A8178E524C006645D9 /* Default-568h@2x.png */ = {isa = PBXFileReference; lastKnownFileType = image.png; path = "Default-568h@2x.png"; sourceTree = "<group>"; };
		020C00AB178E524C006645D9 /* LifeSings.xcdatamodel */ = {isa = PBXFileReference; lastKnownFileType = wrapper.xcdatamodel; path = LifeSings.xcdatamodel; sourceTree = "<group>"; };
		020C00B2178E524C006645D9 /* LifeSingsTests.octest */ = {isa = PBXFileReference; explicitFileType = wrapper.cfbundle; includeInIndex = 0; path = LifeSingsTests.octest; sourceTree = BUILT_PRODUCTS_DIR; };
		020C00B3178E524C006645D9 /* SenTestingKit.framework */ = {isa = PBXFileReference; lastKnownFileType = wrapper.framework; name = SenTestingKit.framework; path = Library/Frameworks/SenTestingKit.framework; sourceTree = DEVELOPER_DIR; };
		020C00BC178E524C006645D9 /* LifeSingsTests-Info.plist */ = {isa = PBXFileReference; lastKnownFileType = text.plist.xml; path = "LifeSingsTests-Info.plist"; sourceTree = "<group>"; };
		020C00BE178E524C006645D9 /* en */ = {isa = PBXFileReference; lastKnownFileType = text.plist.strings; name = en; path = en.lproj/InfoPlist.strings; sourceTree = "<group>"; };
		020C00C0178E524C006645D9 /* LifeSingsTests.h */ = {isa = PBXFileReference; lastKnownFileType = sourcecode.c.h; path = LifeSingsTests.h; sourceTree = "<group>"; };
		020C00C1178E524C006645D9 /* LifeSingsTests.m */ = {isa = PBXFileReference; lastKnownFileType = sourcecode.c.objc; path = LifeSingsTests.m; sourceTree = "<group>"; };
		020C00CB178E5320006645D9 /* Main.storyboard */ = {isa = PBXFileReference; fileEncoding = 4; lastKnownFileType = file.storyboard; path = Main.storyboard; sourceTree = "<group>"; };
		024E4B79178FFFA400D6832B /* Accelerate.framework */ = {isa = PBXFileReference; lastKnownFileType = wrapper.framework; name = Accelerate.framework; path = System/Library/Frameworks/Accelerate.framework; sourceTree = SDKROOT; };
		028E1ACC1797A97D00ABA7AA /* MMSideDrawerSectionHeaderView.h */ = {isa = PBXFileReference; fileEncoding = 4; lastKnownFileType = sourcecode.c.h; path = MMSideDrawerSectionHeaderView.h; sourceTree = "<group>"; };
		028E1ACD1797A97D00ABA7AA /* MMSideDrawerSectionHeaderView.m */ = {isa = PBXFileReference; fileEncoding = 4; lastKnownFileType = sourcecode.c.objc; path = MMSideDrawerSectionHeaderView.m; sourceTree = "<group>"; };
		02A3BFAB17951D5500D4F201 /* KxIntroView.h */ = {isa = PBXFileReference; fileEncoding = 4; lastKnownFileType = sourcecode.c.h; path = KxIntroView.h; sourceTree = "<group>"; };
		02A3BFAC17951D5500D4F201 /* KxIntroView.m */ = {isa = PBXFileReference; fileEncoding = 4; lastKnownFileType = sourcecode.c.objc; path = KxIntroView.m; sourceTree = "<group>"; };
		02A3BFAD17951D5500D4F201 /* KxIntroViewController.h */ = {isa = PBXFileReference; fileEncoding = 4; lastKnownFileType = sourcecode.c.h; path = KxIntroViewController.h; sourceTree = "<group>"; };
		02A3BFAE17951D5500D4F201 /* KxIntroViewController.m */ = {isa = PBXFileReference; fileEncoding = 4; lastKnownFileType = sourcecode.c.objc; path = KxIntroViewController.m; sourceTree = "<group>"; };
		02A3BFAF17951D5500D4F201 /* KxIntroViewPage.h */ = {isa = PBXFileReference; fileEncoding = 4; lastKnownFileType = sourcecode.c.h; path = KxIntroViewPage.h; sourceTree = "<group>"; };
		02A3BFB017951D5500D4F201 /* KxIntroViewPage.m */ = {isa = PBXFileReference; fileEncoding = 4; lastKnownFileType = sourcecode.c.objc; path = KxIntroViewPage.m; sourceTree = "<group>"; };
		02A3BFB217951D5500D4F201 /* OpenALSupport.c */ = {isa = PBXFileReference; fileEncoding = 4; lastKnownFileType = sourcecode.c.c; path = OpenALSupport.c; sourceTree = "<group>"; };
		02A3BFB317951D5500D4F201 /* OpenALSupport.h */ = {isa = PBXFileReference; fileEncoding = 4; lastKnownFileType = sourcecode.c.h; path = OpenALSupport.h; sourceTree = "<group>"; };
		02A3BFB417951D5500D4F201 /* SoundBankPlayer.h */ = {isa = PBXFileReference; fileEncoding = 4; lastKnownFileType = sourcecode.c.h; path = SoundBankPlayer.h; sourceTree = "<group>"; };
		02A3BFB517951D5500D4F201 /* SoundBankPlayer.m */ = {isa = PBXFileReference; fileEncoding = 4; lastKnownFileType = sourcecode.c.objc; path = SoundBankPlayer.m; sourceTree = "<group>"; };
		02A3BFBA17951D5500D4F201 /* music.png */ = {isa = PBXFileReference; lastKnownFileType = image.png; path = music.png; sourceTree = "<group>"; };
		02A3BFBB17951D5500D4F201 /* music2.png */ = {isa = PBXFileReference; lastKnownFileType = image.png; path = music2.png; sourceTree = "<group>"; };
		02A3BFBD17951D5500D4F201 /* P200 Piano A#2.caf */ = {isa = PBXFileReference; lastKnownFileType = file; path = "P200 Piano A#2.caf"; sourceTree = "<group>"; };
		02A3BFBE17951D5500D4F201 /* P200 Piano A#3.caf */ = {isa = PBXFileReference; lastKnownFileType = file; path = "P200 Piano A#3.caf"; sourceTree = "<group>"; };
		02A3BFBF17951D5500D4F201 /* P200 Piano A#4.caf */ = {isa = PBXFileReference; lastKnownFileType = file; path = "P200 Piano A#4.caf"; sourceTree = "<group>"; };
		02A3BFC017951D5500D4F201 /* P200 Piano A#5.caf */ = {isa = PBXFileReference; lastKnownFileType = file; path = "P200 Piano A#5.caf"; sourceTree = "<group>"; };
		02A3BFC117951D5500D4F201 /* P200 Piano A#7.caf */ = {isa = PBXFileReference; lastKnownFileType = file; path = "P200 Piano A#7.caf"; sourceTree = "<group>"; };
		02A3BFC217951D5500D4F201 /* P200 Piano C10.caf */ = {isa = PBXFileReference; lastKnownFileType = file; path = "P200 Piano C10.caf"; sourceTree = "<group>"; };
		02A3BFC317951D5500D4F201 /* P200 Piano C7.caf */ = {isa = PBXFileReference; lastKnownFileType = file; path = "P200 Piano C7.caf"; sourceTree = "<group>"; };
		02A3BFC417951D5500D4F201 /* P200 Piano D#8.caf */ = {isa = PBXFileReference; lastKnownFileType = file; path = "P200 Piano D#8.caf"; sourceTree = "<group>"; };
		02A3BFC517951D5500D4F201 /* P200 Piano D2.caf */ = {isa = PBXFileReference; lastKnownFileType = file; path = "P200 Piano D2.caf"; sourceTree = "<group>"; };
		02A3BFC617951D5500D4F201 /* P200 Piano D3.caf */ = {isa = PBXFileReference; lastKnownFileType = file; path = "P200 Piano D3.caf"; sourceTree = "<group>"; };
		02A3BFC717951D5500D4F201 /* P200 Piano D4.caf */ = {isa = PBXFileReference; lastKnownFileType = file; path = "P200 Piano D4.caf"; sourceTree = "<group>"; };
		02A3BFC817951D5500D4F201 /* P200 Piano D5.caf */ = {isa = PBXFileReference; lastKnownFileType = file; path = "P200 Piano D5.caf"; sourceTree = "<group>"; };
		02A3BFC917951D5500D4F201 /* P200 Piano D6.caf */ = {isa = PBXFileReference; lastKnownFileType = file; path = "P200 Piano D6.caf"; sourceTree = "<group>"; };
		02A3BFCA17951D5500D4F201 /* P200 Piano F#2.caf */ = {isa = PBXFileReference; lastKnownFileType = file; path = "P200 Piano F#2.caf"; sourceTree = "<group>"; };
		02A3BFCB17951D5500D4F201 /* P200 Piano F#3.caf */ = {isa = PBXFileReference; lastKnownFileType = file; path = "P200 Piano F#3.caf"; sourceTree = "<group>"; };
		02A3BFCC17951D5500D4F201 /* P200 Piano F#4.caf */ = {isa = PBXFileReference; lastKnownFileType = file; path = "P200 Piano F#4.caf"; sourceTree = "<group>"; };
		02A3BFCD17951D5500D4F201 /* P200 Piano F#5.caf */ = {isa = PBXFileReference; lastKnownFileType = file; path = "P200 Piano F#5.caf"; sourceTree = "<group>"; };
		02A3BFCE17951D5500D4F201 /* P200 Piano F#6.caf */ = {isa = PBXFileReference; lastKnownFileType = file; path = "P200 Piano F#6.caf"; sourceTree = "<group>"; };
		02A3BFCF17951D5500D4F201 /* P200 Piano F#7.caf */ = {isa = PBXFileReference; lastKnownFileType = file; path = "P200 Piano F#7.caf"; sourceTree = "<group>"; };
		02A3BFD017951D5500D4F201 /* P200 Piano G#9.caf */ = {isa = PBXFileReference; lastKnownFileType = file; path = "P200 Piano G#9.caf"; sourceTree = "<group>"; };
		02A3BFD117951D5500D4F201 /* Piano.plist */ = {isa = PBXFileReference; fileEncoding = 4; lastKnownFileType = text.plist.xml; path = Piano.plist; sourceTree = "<group>"; };
		02A3BFD317951D5500D4F201 /* LSDateHelper.h */ = {isa = PBXFileReference; fileEncoding = 4; lastKnownFileType = sourcecode.c.h; path = LSDateHelper.h; sourceTree = "<group>"; };
		02A3BFD417951D5500D4F201 /* LSDateHelper.m */ = {isa = PBXFileReference; fileEncoding = 4; lastKnownFileType = sourcecode.c.objc; path = LSDateHelper.m; sourceTree = "<group>"; };
		02A3BFD517951D5500D4F201 /* LSManagedObjectContextHelper.h */ = {isa = PBXFileReference; fileEncoding = 4; lastKnownFileType = sourcecode.c.h; path = LSManagedObjectContextHelper.h; sourceTree = "<group>"; };
		02A3BFD617951D5500D4F201 /* LSManagedObjectContextHelper.m */ = {isa = PBXFileReference; fileEncoding = 4; lastKnownFileType = sourcecode.c.objc; path = LSManagedObjectContextHelper.m; sourceTree = "<group>"; };
		02A3BFD717951D5500D4F201 /* LSSoundPlayerUtil.h */ = {isa = PBXFileReference; fileEncoding = 4; lastKnownFileType = sourcecode.c.h; path = LSSoundPlayerUtil.h; sourceTree = "<group>"; };
		02A3BFD817951D5500D4F201 /* LSSoundPlayerUtil.m */ = {isa = PBXFileReference; fileEncoding = 4; lastKnownFileType = sourcecode.c.objc; path = LSSoundPlayerUtil.m; sourceTree = "<group>"; };
		02C7881C178E85330035AA75 /* LSMyDay.h */ = {isa = PBXFileReference; fileEncoding = 4; lastKnownFileType = sourcecode.c.h; path = LSMyDay.h; sourceTree = "<group>"; };
		02C7881D178E85330035AA75 /* LSMyDay.m */ = {isa = PBXFileReference; fileEncoding = 4; lastKnownFileType = sourcecode.c.objc; path = LSMyDay.m; sourceTree = "<group>"; };
		02C78820178E85960035AA75 /* LSMyDayTableViewCell.h */ = {isa = PBXFileReference; fileEncoding = 4; lastKnownFileType = sourcecode.c.h; path = LSMyDayTableViewCell.h; sourceTree = "<group>"; };
		02C78821178E85960035AA75 /* LSMyDayTableViewCell.m */ = {isa = PBXFileReference; fileEncoding = 4; lastKnownFileType = sourcecode.c.objc; path = LSMyDayTableViewCell.m; sourceTree = "<group>"; };
		02C78823178E86A10035AA75 /* LSMyDaysTableViewController.h */ = {isa = PBXFileReference; fileEncoding = 4; lastKnownFileType = sourcecode.c.h; path = LSMyDaysTableViewController.h; sourceTree = "<group>"; };
		02C78824178E86A10035AA75 /* LSMyDaysTableViewController.m */ = {isa = PBXFileReference; fileEncoding = 4; lastKnownFileType = sourcecode.c.objc; path = LSMyDaysTableViewController.m; sourceTree = "<group>"; };
		02C78859178E8C0C0035AA75 /* QuartzCore.framework */ = {isa = PBXFileReference; lastKnownFileType = wrapper.framework; name = QuartzCore.framework; path = System/Library/Frameworks/QuartzCore.framework; sourceTree = SDKROOT; };
		02C7885B178E8C120035AA75 /* OpenAL.framework */ = {isa = PBXFileReference; lastKnownFileType = wrapper.framework; name = OpenAL.framework; path = System/Library/Frameworks/OpenAL.framework; sourceTree = SDKROOT; };
		02C7885D178E8C1C0035AA75 /* AudioToolbox.framework */ = {isa = PBXFileReference; lastKnownFileType = wrapper.framework; name = AudioToolbox.framework; path = System/Library/Frameworks/AudioToolbox.framework; sourceTree = SDKROOT; };
		02CA21E017A2438A005C700C /* intro1.png */ = {isa = PBXFileReference; lastKnownFileType = image.png; path = intro1.png; sourceTree = "<group>"; };
		02CA21E217A2519A005C700C /* intro2.png */ = {isa = PBXFileReference; lastKnownFileType = image.png; path = intro2.png; sourceTree = "<group>"; };
		02CA21E417A25B1D005C700C /* intro3.png */ = {isa = PBXFileReference; lastKnownFileType = image.png; path = intro3.png; sourceTree = "<group>"; };
		02CC9EE717A21B2000C26EA0 /* zh-Hans */ = {isa = PBXFileReference; lastKnownFileType = text.plist.strings; name = "zh-Hans"; path = "zh-Hans.lproj/InfoPlist.strings"; sourceTree = "<group>"; };
		02CC9EE817A21B2000C26EA0 /* zh-Hans */ = {isa = PBXFileReference; lastKnownFileType = text.plist.strings; name = "zh-Hans"; path = "zh-Hans.lproj/InfoPlist.strings"; sourceTree = "<group>"; };
		02CC9EEA17A21B5D00C26EA0 /* zh-Hans */ = {isa = PBXFileReference; lastKnownFileType = text.plist.strings; name = "zh-Hans"; path = "zh-Hans.lproj/Localizable.strings"; sourceTree = "<group>"; };
		02CC9EEC17A21B6800C26EA0 /* en */ = {isa = PBXFileReference; lastKnownFileType = text.plist.strings; name = en; path = en.lproj/Localizable.strings; sourceTree = "<group>"; };
		02E137D517A10CF000DD90BB /* Icon.png */ = {isa = PBXFileReference; lastKnownFileType = image.png; name = Icon.png; path = ../Icon.png; sourceTree = "<group>"; };
		02E137D717A10CFD00DD90BB /* Icon@2x.png */ = {isa = PBXFileReference; lastKnownFileType = image.png; name = "Icon@2x.png"; path = "../Icon@2x.png"; sourceTree = "<group>"; };
		02E48D4817963A6400A4C8FC /* LSLeftSideMenuViewController.h */ = {isa = PBXFileReference; fileEncoding = 4; lastKnownFileType = sourcecode.c.h; name = LSLeftSideMenuViewController.h; path = ../LSLeftSideMenuViewController.h; sourceTree = "<group>"; };
		02E48D4917963A6400A4C8FC /* LSLeftSideMenuViewController.m */ = {isa = PBXFileReference; fileEncoding = 4; lastKnownFileType = sourcecode.c.objc; name = LSLeftSideMenuViewController.m; path = ../LSLeftSideMenuViewController.m; sourceTree = "<group>"; };
		02E48D4D17963D0E00A4C8FC /* MMSideDrawerTableViewCell.h */ = {isa = PBXFileReference; fileEncoding = 4; lastKnownFileType = sourcecode.c.h; path = MMSideDrawerTableViewCell.h; sourceTree = "<group>"; };
		02E48D4E17963D0E00A4C8FC /* MMSideDrawerTableViewCell.m */ = {isa = PBXFileReference; fileEncoding = 4; lastKnownFileType = sourcecode.c.objc; path = MMSideDrawerTableViewCell.m; sourceTree = "<group>"; };
		02E48D5017963D4C00A4C8FC /* MMTableViewCell.h */ = {isa = PBXFileReference; fileEncoding = 4; lastKnownFileType = sourcecode.c.h; path = MMTableViewCell.h; sourceTree = "<group>"; };
		02E48D5117963D4C00A4C8FC /* MMTableViewCell.m */ = {isa = PBXFileReference; fileEncoding = 4; lastKnownFileType = sourcecode.c.objc; path = MMTableViewCell.m; sourceTree = "<group>"; };
		02F1C0D117A1103000421E8B /* LifeSings.entitlements */ = {isa = PBXFileReference; lastKnownFileType = text.xml; path = LifeSings.entitlements; sourceTree = "<group>"; };
		1A286025AF61B7576B7EEA93 /* LS001NoteSequence.h */ = {isa = PBXFileReference; fileEncoding = 4; lastKnownFileType = sourcecode.c.h; path = LS001NoteSequence.h; sourceTree = "<group>"; };
		1A28605A972ADC99AE817D4B /* LSNoteSequence.m */ = {isa = PBXFileReference; fileEncoding = 4; lastKnownFileType = sourcecode.c.objc; path = LSNoteSequence.m; sourceTree = "<group>"; };
		1A28609CF2DBC52980DD1D6F /* LS220000NoteSequence.m */ = {isa = PBXFileReference; fileEncoding = 4; lastKnownFileType = sourcecode.c.objc; path = LS220000NoteSequence.m; sourceTree = "<group>"; };
		1A28614F0A49C43F8E9B4D33 /* LS10NoteSequence.m */ = {isa = PBXFileReference; fileEncoding = 4; lastKnownFileType = sourcecode.c.objc; path = LS10NoteSequence.m; sourceTree = "<group>"; };
		1A2865F0F7EE93D05E1ED5F6 /* iTunesArtwork@2x */ = {isa = PBXFileReference; fileEncoding = 4; lastKnownFileType = text; path = "iTunesArtwork@2x"; sourceTree = SOURCE_ROOT; };
		1A286688C3265264FE27AC07 /* LSNoteSequencePlayer.m */ = {isa = PBXFileReference; fileEncoding = 4; lastKnownFileType = sourcecode.c.objc; path = LSNoteSequencePlayer.m; sourceTree = "<group>"; };
		1A2866D5271979ACB09FC08F /* Log-Prefix.pch */ = {isa = PBXFileReference; fileEncoding = 4; lastKnownFileType = sourcecode.c.h; path = "Log-Prefix.pch"; sourceTree = "<group>"; };
		1A286713663E5B8B1122726B /* LS10NoteSequence.h */ = {isa = PBXFileReference; fileEncoding = 4; lastKnownFileType = sourcecode.c.h; path = LS10NoteSequence.h; sourceTree = "<group>"; };
		1A2868D7978962C5A6C0026B /* LSNoteSequence.h */ = {isa = PBXFileReference; fileEncoding = 4; lastKnownFileType = sourcecode.c.h; path = LSNoteSequence.h; sourceTree = "<group>"; };
		1A2869B42BFE60BBE5E6960B /* LS220000NoteSequence.h */ = {isa = PBXFileReference; fileEncoding = 4; lastKnownFileType = sourcecode.c.h; path = LS220000NoteSequence.h; sourceTree = "<group>"; };
		1A286B33A881ECFE2EC85A1D /* iTunesArtwork */ = {isa = PBXFileReference; fileEncoding = 4; lastKnownFileType = text; path = iTunesArtwork; sourceTree = SOURCE_ROOT; };
		1A286D434C9EFE5AE89D03EC /* LSNoteSequencePlayer.h */ = {isa = PBXFileReference; fileEncoding = 4; lastKnownFileType = sourcecode.c.h; path = LSNoteSequencePlayer.h; sourceTree = "<group>"; };
		1A286ECF97572E5C02C821B0 /* LS001NoteSequence.m */ = {isa = PBXFileReference; fileEncoding = 4; lastKnownFileType = sourcecode.c.objc; path = LS001NoteSequence.m; sourceTree = "<group>"; };
		6B1B1A4854FB41CB9203E5DE /* libPods.a */ = {isa = PBXFileReference; explicitFileType = archive.ar; includeInIndex = 0; path = libPods.a; sourceTree = BUILT_PRODUCTS_DIR; };
		7B6CF3C5EDD34D50A276DA2C /* Pods.xcconfig */ = {isa = PBXFileReference; includeInIndex = 1; lastKnownFileType = text.xcconfig; name = Pods.xcconfig; path = Pods/Pods.xcconfig; sourceTree = SOURCE_ROOT; };
/* End PBXFileReference section */

/* Begin PBXFrameworksBuildPhase section */
		020C008A178E524C006645D9 /* Frameworks */ = {
			isa = PBXFrameworksBuildPhase;
			buildActionMask = 2147483647;
			files = (
				024E4B7A178FFFA400D6832B /* Accelerate.framework in Frameworks */,
				02C7885E178E8C1C0035AA75 /* AudioToolbox.framework in Frameworks */,
				02C7885C178E8C120035AA75 /* OpenAL.framework in Frameworks */,
				02C7885A178E8C0C0035AA75 /* QuartzCore.framework in Frameworks */,
				020C0091178E524C006645D9 /* UIKit.framework in Frameworks */,
				020C0093178E524C006645D9 /* Foundation.framework in Frameworks */,
				020C0095178E524C006645D9 /* CoreGraphics.framework in Frameworks */,
				020C0097178E524C006645D9 /* CoreData.framework in Frameworks */,
				5D84F05518274CF99E627926 /* libPods.a in Frameworks */,
			);
			runOnlyForDeploymentPostprocessing = 0;
		};
		020C00AE178E524C006645D9 /* Frameworks */ = {
			isa = PBXFrameworksBuildPhase;
			buildActionMask = 2147483647;
			files = (
				020C00B4178E524C006645D9 /* SenTestingKit.framework in Frameworks */,
				020C00B5178E524C006645D9 /* UIKit.framework in Frameworks */,
				020C00B6178E524C006645D9 /* Foundation.framework in Frameworks */,
				020C00B7178E524C006645D9 /* CoreData.framework in Frameworks */,
			);
			runOnlyForDeploymentPostprocessing = 0;
		};
/* End PBXFrameworksBuildPhase section */

/* Begin PBXGroup section */
		020C0084178E524C006645D9 = {
			isa = PBXGroup;
			children = (
				1A286B33A881ECFE2EC85A1D /* iTunesArtwork */,
				1A2865F0F7EE93D05E1ED5F6 /* iTunesArtwork@2x */,
				02A3BFA917951D5500D4F201 /* Librarys */,
				02A3BFB617951D5500D4F201 /* Resources */,
				020C0098178E524C006645D9 /* LifeSings */,
				020C00BA178E524C006645D9 /* LifeSingsTests */,
				020C008F178E524C006645D9 /* Frameworks */,
				020C008E178E524C006645D9 /* Products */,
				7B6CF3C5EDD34D50A276DA2C /* Pods.xcconfig */,
			);
			sourceTree = "<group>";
		};
		020C008E178E524C006645D9 /* Products */ = {
			isa = PBXGroup;
			children = (
				020C008D178E524C006645D9 /* LifeSings.app */,
				020C00B2178E524C006645D9 /* LifeSingsTests.octest */,
			);
			name = Products;
			sourceTree = "<group>";
		};
		020C008F178E524C006645D9 /* Frameworks */ = {
			isa = PBXGroup;
			children = (
				024E4B79178FFFA400D6832B /* Accelerate.framework */,
				02C7885D178E8C1C0035AA75 /* AudioToolbox.framework */,
				02C7885B178E8C120035AA75 /* OpenAL.framework */,
				02C78859178E8C0C0035AA75 /* QuartzCore.framework */,
				020C0090178E524C006645D9 /* UIKit.framework */,
				020C0092178E524C006645D9 /* Foundation.framework */,
				020C0094178E524C006645D9 /* CoreGraphics.framework */,
				020C0096178E524C006645D9 /* CoreData.framework */,
				020C00B3178E524C006645D9 /* SenTestingKit.framework */,
				6B1B1A4854FB41CB9203E5DE /* libPods.a */,
			);
			name = Frameworks;
			sourceTree = "<group>";
		};
		020C0098178E524C006645D9 /* LifeSings */ = {
			isa = PBXGroup;
			children = (
				026BFA9617A8E58F001B4DFB /* Classes */,
				02A3BFD217951D5500D4F201 /* Utils */,
				02C7881F178E85890035AA75 /* Views */,
				02C7881B178E85220035AA75 /* Models */,
				020C0099178E524C006645D9 /* Supporting Files */,
				1A28654A3D33059DDD60157F /* PlayClasses */,
			);
			path = LifeSings;
			sourceTree = "<group>";
		};
		020C0099178E524C006645D9 /* Supporting Files */ = {
			isa = PBXGroup;
			children = (
				02F1C0D117A1103000421E8B /* LifeSings.entitlements */,
				02E137D717A10CFD00DD90BB /* Icon@2x.png */,
				02E137D517A10CF000DD90BB /* Icon.png */,
				02CC9EEB17A21B5D00C26EA0 /* Localizable.strings */,
				020C009A178E524C006645D9 /* LifeSings-Info.plist */,
				020C009B178E524C006645D9 /* InfoPlist.strings */,
				020C009E178E524C006645D9 /* main.m */,
				020C00A0178E524C006645D9 /* LifeSings-Prefix.pch */,
				020C00A4178E524C006645D9 /* Default.png */,
				020C00A6178E524C006645D9 /* Default@2x.png */,
				020C00A8178E524C006645D9 /* Default-568h@2x.png */,
				1A2866D5271979ACB09FC08F /* Log-Prefix.pch */,
			);
			name = "Supporting Files";
			sourceTree = "<group>";
		};
		020C00BA178E524C006645D9 /* LifeSingsTests */ = {
			isa = PBXGroup;
			children = (
				020C00C0178E524C006645D9 /* LifeSingsTests.h */,
				020C00C1178E524C006645D9 /* LifeSingsTests.m */,
				020C00BB178E524C006645D9 /* Supporting Files */,
			);
			path = LifeSingsTests;
			sourceTree = "<group>";
		};
		020C00BB178E524C006645D9 /* Supporting Files */ = {
			isa = PBXGroup;
			children = (
				020C00BC178E524C006645D9 /* LifeSingsTests-Info.plist */,
				020C00BD178E524C006645D9 /* InfoPlist.strings */,
			);
			name = "Supporting Files";
			sourceTree = "<group>";
		};
		026BFA9617A8E58F001B4DFB /* Classes */ = {
			isa = PBXGroup;
			children = (
				02E48D4817963A6400A4C8FC /* LSLeftSideMenuViewController.h */,
				02E48D4917963A6400A4C8FC /* LSLeftSideMenuViewController.m */,
				02C78823178E86A10035AA75 /* LSMyDaysTableViewController.h */,
				02C78824178E86A10035AA75 /* LSMyDaysTableViewController.m */,
				020C00A1178E524C006645D9 /* LSAppDelegate.h */,
				020C00A2178E524C006645D9 /* LSAppDelegate.m */,
			);
			name = Classes;
			sourceTree = "<group>";
		};
		02A3BFA917951D5500D4F201 /* Librarys */ = {
			isa = PBXGroup;
			children = (
				02A3BFAA17951D5500D4F201 /* KvIntroScreen */,
				02A3BFB117951D5500D4F201 /* SoundBankPlayer */,
			);
			name = Librarys;
			path = LifeSings/Librarys;
			sourceTree = "<group>";
		};
		02A3BFAA17951D5500D4F201 /* KvIntroScreen */ = {
			isa = PBXGroup;
			children = (
				02A3BFAB17951D5500D4F201 /* KxIntroView.h */,
				02A3BFAC17951D5500D4F201 /* KxIntroView.m */,
				02A3BFAD17951D5500D4F201 /* KxIntroViewController.h */,
				02A3BFAE17951D5500D4F201 /* KxIntroViewController.m */,
				02A3BFAF17951D5500D4F201 /* KxIntroViewPage.h */,
				02A3BFB017951D5500D4F201 /* KxIntroViewPage.m */,
			);
			path = KvIntroScreen;
			sourceTree = "<group>";
		};
		02A3BFB117951D5500D4F201 /* SoundBankPlayer */ = {
			isa = PBXGroup;
			children = (
				02A3BFB217951D5500D4F201 /* OpenALSupport.c */,
				02A3BFB317951D5500D4F201 /* OpenALSupport.h */,
				02A3BFB417951D5500D4F201 /* SoundBankPlayer.h */,
				02A3BFB517951D5500D4F201 /* SoundBankPlayer.m */,
			);
			path = SoundBankPlayer;
			sourceTree = "<group>";
		};
		02A3BFB617951D5500D4F201 /* Resources */ = {
			isa = PBXGroup;
			children = (
				02A3BFB717951D5500D4F201 /* Images */,
				02A3BFBC17951D5500D4F201 /* Sounds */,
			);
			name = Resources;
			path = LifeSings/Resources;
			sourceTree = "<group>";
		};
		02A3BFB717951D5500D4F201 /* Images */ = {
			isa = PBXGroup;
			children = (
				02CA21E417A25B1D005C700C /* intro3.png */,
				02CA21E217A2519A005C700C /* intro2.png */,
				02CA21E017A2438A005C700C /* intro1.png */,
				02A3BFBA17951D5500D4F201 /* music.png */,
				02A3BFBB17951D5500D4F201 /* music2.png */,
			);
			path = Images;
			sourceTree = "<group>";
		};
		02A3BFBC17951D5500D4F201 /* Sounds */ = {
			isa = PBXGroup;
			children = (
				02A3BFBD17951D5500D4F201 /* P200 Piano A#2.caf */,
				02A3BFBE17951D5500D4F201 /* P200 Piano A#3.caf */,
				02A3BFBF17951D5500D4F201 /* P200 Piano A#4.caf */,
				02A3BFC017951D5500D4F201 /* P200 Piano A#5.caf */,
				02A3BFC117951D5500D4F201 /* P200 Piano A#7.caf */,
				02A3BFC217951D5500D4F201 /* P200 Piano C10.caf */,
				02A3BFC317951D5500D4F201 /* P200 Piano C7.caf */,
				02A3BFC417951D5500D4F201 /* P200 Piano D#8.caf */,
				02A3BFC517951D5500D4F201 /* P200 Piano D2.caf */,
				02A3BFC617951D5500D4F201 /* P200 Piano D3.caf */,
				02A3BFC717951D5500D4F201 /* P200 Piano D4.caf */,
				02A3BFC817951D5500D4F201 /* P200 Piano D5.caf */,
				02A3BFC917951D5500D4F201 /* P200 Piano D6.caf */,
				02A3BFCA17951D5500D4F201 /* P200 Piano F#2.caf */,
				02A3BFCB17951D5500D4F201 /* P200 Piano F#3.caf */,
				02A3BFCC17951D5500D4F201 /* P200 Piano F#4.caf */,
				02A3BFCD17951D5500D4F201 /* P200 Piano F#5.caf */,
				02A3BFCE17951D5500D4F201 /* P200 Piano F#6.caf */,
				02A3BFCF17951D5500D4F201 /* P200 Piano F#7.caf */,
				02A3BFD017951D5500D4F201 /* P200 Piano G#9.caf */,
				02A3BFD117951D5500D4F201 /* Piano.plist */,
			);
			path = Sounds;
			sourceTree = "<group>";
		};
		02A3BFD217951D5500D4F201 /* Utils */ = {
			isa = PBXGroup;
			children = (
				02A3BFD317951D5500D4F201 /* LSDateHelper.h */,
				02A3BFD417951D5500D4F201 /* LSDateHelper.m */,
				02A3BFD517951D5500D4F201 /* LSManagedObjectContextHelper.h */,
				02A3BFD617951D5500D4F201 /* LSManagedObjectContextHelper.m */,
				02A3BFD717951D5500D4F201 /* LSSoundPlayerUtil.h */,
				02A3BFD817951D5500D4F201 /* LSSoundPlayerUtil.m */,
			);
			path = Utils;
			sourceTree = "<group>";
		};
		02C7881B178E85220035AA75 /* Models */ = {
			isa = PBXGroup;
			children = (
				020C00AA178E524C006645D9 /* LifeSings.xcdatamodeld */,
				02C7881C178E85330035AA75 /* LSMyDay.h */,
				02C7881D178E85330035AA75 /* LSMyDay.m */,
			);
			name = Models;
			sourceTree = "<group>";
		};
		02C7881F178E85890035AA75 /* Views */ = {
			isa = PBXGroup;
			children = (
				020C00CB178E5320006645D9 /* Main.storyboard */,
				028E1ACC1797A97D00ABA7AA /* MMSideDrawerSectionHeaderView.h */,
				028E1ACD1797A97D00ABA7AA /* MMSideDrawerSectionHeaderView.m */,
				02E48D5017963D4C00A4C8FC /* MMTableViewCell.h */,
				02E48D5117963D4C00A4C8FC /* MMTableViewCell.m */,
				02E48D4D17963D0E00A4C8FC /* MMSideDrawerTableViewCell.h */,
				02E48D4E17963D0E00A4C8FC /* MMSideDrawerTableViewCell.m */,
				02C78820178E85960035AA75 /* LSMyDayTableViewCell.h */,
				02C78821178E85960035AA75 /* LSMyDayTableViewCell.m */,
			);
			name = Views;
			sourceTree = "<group>";
		};
		1A28654A3D33059DDD60157F /* PlayClasses */ = {
			isa = PBXGroup;
			children = (
				1A28605A972ADC99AE817D4B /* LSNoteSequence.m */,
				1A286688C3265264FE27AC07 /* LSNoteSequencePlayer.m */,
				1A28614F0A49C43F8E9B4D33 /* LS10NoteSequence.m */,
				1A286713663E5B8B1122726B /* LS10NoteSequence.h */,
				1A286D434C9EFE5AE89D03EC /* LSNoteSequencePlayer.h */,
				1A2868D7978962C5A6C0026B /* LSNoteSequence.h */,
				1A286ECF97572E5C02C821B0 /* LS001NoteSequence.m */,
				1A286025AF61B7576B7EEA93 /* LS001NoteSequence.h */,
				1A28609CF2DBC52980DD1D6F /* LS220000NoteSequence.m */,
				1A2869B42BFE60BBE5E6960B /* LS220000NoteSequence.h */,
			);
			path = PlayClasses;
			sourceTree = "<group>";
		};
/* End PBXGroup section */

/* Begin PBXNativeTarget section */
		020C008C178E524C006645D9 /* LifeSings */ = {
			isa = PBXNativeTarget;
			buildConfigurationList = 020C00C5178E524C006645D9 /* Build configuration list for PBXNativeTarget "LifeSings" */;
			buildPhases = (
				EB27A6C6FEB24ED88FA419C4 /* Check Pods Manifest.lock */,
				020C0089178E524C006645D9 /* Sources */,
				020C008A178E524C006645D9 /* Frameworks */,
				020C008B178E524C006645D9 /* Resources */,
				AE9CCCB7742C4635BD8F3115 /* Copy Pods Resources */,
			);
			buildRules = (
			);
			dependencies = (
			);
			name = LifeSings;
			productName = LifeSings;
			productReference = 020C008D178E524C006645D9 /* LifeSings.app */;
			productType = "com.apple.product-type.application";
		};
		020C00B1178E524C006645D9 /* LifeSingsTests */ = {
			isa = PBXNativeTarget;
			buildConfigurationList = 020C00C8178E524C006645D9 /* Build configuration list for PBXNativeTarget "LifeSingsTests" */;
			buildPhases = (
				020C00AD178E524C006645D9 /* Sources */,
				020C00AE178E524C006645D9 /* Frameworks */,
				020C00AF178E524C006645D9 /* Resources */,
				020C00B0178E524C006645D9 /* ShellScript */,
			);
			buildRules = (
			);
			dependencies = (
				020C00B9178E524C006645D9 /* PBXTargetDependency */,
			);
			name = LifeSingsTests;
			productName = LifeSingsTests;
			productReference = 020C00B2178E524C006645D9 /* LifeSingsTests.octest */;
			productType = "com.apple.product-type.bundle";
		};
/* End PBXNativeTarget section */

/* Begin PBXProject section */
		020C0085178E524C006645D9 /* Project object */ = {
			isa = PBXProject;
			attributes = {
				CLASSPREFIX = LS;
				LastUpgradeCheck = 0460;
				ORGANIZATIONNAME = "Li Chong";
			};
			buildConfigurationList = 020C0088178E524C006645D9 /* Build configuration list for PBXProject "LifeSings" */;
			compatibilityVersion = "Xcode 3.2";
			developmentRegion = English;
			hasScannedForEncodings = 0;
			knownRegions = (
				en,
				"zh-Hans",
			);
			mainGroup = 020C0084178E524C006645D9;
			productRefGroup = 020C008E178E524C006645D9 /* Products */;
			projectDirPath = "";
			projectRoot = "";
			targets = (
				020C008C178E524C006645D9 /* LifeSings */,
				020C00B1178E524C006645D9 /* LifeSingsTests */,
			);
		};
/* End PBXProject section */

/* Begin PBXResourcesBuildPhase section */
		020C008B178E524C006645D9 /* Resources */ = {
			isa = PBXResourcesBuildPhase;
			buildActionMask = 2147483647;
			files = (
				020C009D178E524C006645D9 /* InfoPlist.strings in Resources */,
				020C00A5178E524C006645D9 /* Default.png in Resources */,
				020C00A7178E524C006645D9 /* Default@2x.png in Resources */,
				020C00A9178E524C006645D9 /* Default-568h@2x.png in Resources */,
				020C00CC178E5320006645D9 /* Main.storyboard in Resources */,
				02A3BFE017951D5500D4F201 /* music.png in Resources */,
				02A3BFE117951D5500D4F201 /* music2.png in Resources */,
				02A3BFE217951D5500D4F201 /* P200 Piano A#2.caf in Resources */,
				02A3BFE317951D5500D4F201 /* P200 Piano A#3.caf in Resources */,
				02A3BFE417951D5500D4F201 /* P200 Piano A#4.caf in Resources */,
				02A3BFE517951D5500D4F201 /* P200 Piano A#5.caf in Resources */,
				02A3BFE617951D5500D4F201 /* P200 Piano A#7.caf in Resources */,
				02A3BFE717951D5500D4F201 /* P200 Piano C10.caf in Resources */,
				02A3BFE817951D5500D4F201 /* P200 Piano C7.caf in Resources */,
				02A3BFE917951D5500D4F201 /* P200 Piano D#8.caf in Resources */,
				02A3BFEA17951D5500D4F201 /* P200 Piano D2.caf in Resources */,
				02A3BFEB17951D5500D4F201 /* P200 Piano D3.caf in Resources */,
				02A3BFEC17951D5500D4F201 /* P200 Piano D4.caf in Resources */,
				02A3BFED17951D5500D4F201 /* P200 Piano D5.caf in Resources */,
				02A3BFEE17951D5500D4F201 /* P200 Piano D6.caf in Resources */,
				02A3BFEF17951D5500D4F201 /* P200 Piano F#2.caf in Resources */,
				02A3BFF017951D5500D4F201 /* P200 Piano F#3.caf in Resources */,
				02A3BFF117951D5500D4F201 /* P200 Piano F#4.caf in Resources */,
				02A3BFF217951D5500D4F201 /* P200 Piano F#5.caf in Resources */,
				02A3BFF317951D5500D4F201 /* P200 Piano F#6.caf in Resources */,
				02A3BFF417951D5500D4F201 /* P200 Piano F#7.caf in Resources */,
				02A3BFF517951D5500D4F201 /* P200 Piano G#9.caf in Resources */,
				02A3BFF617951D5500D4F201 /* Piano.plist in Resources */,
				02E137D617A10CF000DD90BB /* Icon.png in Resources */,
				02E137D817A10CFD00DD90BB /* Icon@2x.png in Resources */,
				02CC9EE917A21B5D00C26EA0 /* Localizable.strings in Resources */,
				02CA21E117A2438A005C700C /* intro1.png in Resources */,
				02CA21E317A2519A005C700C /* intro2.png in Resources */,
				02CA21E517A25B1D005C700C /* intro3.png in Resources */,
				1A286730160701A3ACE0C8D8 /* iTunesArtwork in Resources */,
				1A2864547F4081E5B851E43A /* iTunesArtwork@2x in Resources */,
			);
			runOnlyForDeploymentPostprocessing = 0;
		};
		020C00AF178E524C006645D9 /* Resources */ = {
			isa = PBXResourcesBuildPhase;
			buildActionMask = 2147483647;
			files = (
				020C00BF178E524C006645D9 /* InfoPlist.strings in Resources */,
			);
			runOnlyForDeploymentPostprocessing = 0;
		};
/* End PBXResourcesBuildPhase section */

/* Begin PBXShellScriptBuildPhase section */
		020C00B0178E524C006645D9 /* ShellScript */ = {
			isa = PBXShellScriptBuildPhase;
			buildActionMask = 2147483647;
			files = (
			);
			inputPaths = (
			);
			outputPaths = (
			);
			runOnlyForDeploymentPostprocessing = 0;
			shellPath = /bin/sh;
			shellScript = "# Run the unit tests in this test bundle.\n\"${SYSTEM_DEVELOPER_DIR}/Tools/RunUnitTests\"\n";
		};
		AE9CCCB7742C4635BD8F3115 /* Copy Pods Resources */ = {
			isa = PBXShellScriptBuildPhase;
			buildActionMask = 2147483647;
			files = (
			);
			inputPaths = (
			);
			name = "Copy Pods Resources";
			outputPaths = (
			);
			runOnlyForDeploymentPostprocessing = 0;
			shellPath = /bin/sh;
			shellScript = "\"${SRCROOT}/Pods/Pods-resources.sh\"\n";
		};
		EB27A6C6FEB24ED88FA419C4 /* Check Pods Manifest.lock */ = {
			isa = PBXShellScriptBuildPhase;
			buildActionMask = 2147483647;
			files = (
			);
			inputPaths = (
			);
			name = "Check Pods Manifest.lock";
			outputPaths = (
			);
			runOnlyForDeploymentPostprocessing = 0;
			shellPath = /bin/sh;
			shellScript = "diff \"${PODS_ROOT}/../Podfile.lock\" \"${PODS_ROOT}/Manifest.lock\" > /dev/null\nif [[ $? != 0 ]] ; then\n    cat << EOM\nerror: The sandbox is not in sync with the Podfile.lock. Run 'pod install' or update your CocoaPods installation.\nEOM\n    exit 1\nfi\n";
		};
/* End PBXShellScriptBuildPhase section */

/* Begin PBXSourcesBuildPhase section */
		020C0089178E524C006645D9 /* Sources */ = {
			isa = PBXSourcesBuildPhase;
			buildActionMask = 2147483647;
			files = (
				020C009F178E524C006645D9 /* main.m in Sources */,
				020C00A3178E524C006645D9 /* LSAppDelegate.m in Sources */,
				020C00AC178E524C006645D9 /* LifeSings.xcdatamodeld in Sources */,
				02C7881E178E85330035AA75 /* LSMyDay.m in Sources */,
				02C78822178E85960035AA75 /* LSMyDayTableViewCell.m in Sources */,
				02C78825178E86A10035AA75 /* LSMyDaysTableViewController.m in Sources */,
				02A3BFD917951D5500D4F201 /* KxIntroView.m in Sources */,
				02A3BFDA17951D5500D4F201 /* KxIntroViewController.m in Sources */,
				02A3BFDB17951D5500D4F201 /* KxIntroViewPage.m in Sources */,
				02A3BFDC17951D5500D4F201 /* OpenALSupport.c in Sources */,
				02A3BFDD17951D5500D4F201 /* SoundBankPlayer.m in Sources */,
				02A3BFF717951D5500D4F201 /* LSDateHelper.m in Sources */,
				02A3BFF817951D5500D4F201 /* LSManagedObjectContextHelper.m in Sources */,
				02A3BFF917951D5500D4F201 /* LSSoundPlayerUtil.m in Sources */,
				02E48D4B17963A6400A4C8FC /* LSLeftSideMenuViewController.m in Sources */,
				02E48D4F17963D0E00A4C8FC /* MMSideDrawerTableViewCell.m in Sources */,
				02E48D5217963D4C00A4C8FC /* MMTableViewCell.m in Sources */,
				028E1ACE1797A97D00ABA7AA /* MMSideDrawerSectionHeaderView.m in Sources */,
				1A28623769C9EDB0BCA4291D /* LSNoteSequence.m in Sources */,
				1A286DB79C50E4F056777712 /* LSNoteSequencePlayer.m in Sources */,
				1A28647D596A3B0A7CD19010 /* LS10NoteSequence.m in Sources */,
				1A28657CCA79CD56ECC44505 /* LS001NoteSequence.m in Sources */,
				1A286B28091FE40563A13F9B /* LS220000NoteSequence.m in Sources */,
			);
			runOnlyForDeploymentPostprocessing = 0;
		};
		020C00AD178E524C006645D9 /* Sources */ = {
			isa = PBXSourcesBuildPhase;
			buildActionMask = 2147483647;
			files = (
				020C00C2178E524C006645D9 /* LifeSingsTests.m in Sources */,
			);
			runOnlyForDeploymentPostprocessing = 0;
		};
/* End PBXSourcesBuildPhase section */

/* Begin PBXTargetDependency section */
		020C00B9178E524C006645D9 /* PBXTargetDependency */ = {
			isa = PBXTargetDependency;
			target = 020C008C178E524C006645D9 /* LifeSings */;
			targetProxy = 020C00B8178E524C006645D9 /* PBXContainerItemProxy */;
		};
/* End PBXTargetDependency section */

/* Begin PBXVariantGroup section */
		020C009B178E524C006645D9 /* InfoPlist.strings */ = {
			isa = PBXVariantGroup;
			children = (
				020C009C178E524C006645D9 /* en */,
				02CC9EE717A21B2000C26EA0 /* zh-Hans */,
			);
			name = InfoPlist.strings;
			sourceTree = "<group>";
		};
		020C00BD178E524C006645D9 /* InfoPlist.strings */ = {
			isa = PBXVariantGroup;
			children = (
				020C00BE178E524C006645D9 /* en */,
				02CC9EE817A21B2000C26EA0 /* zh-Hans */,
			);
			name = InfoPlist.strings;
			sourceTree = "<group>";
		};
		02CC9EEB17A21B5D00C26EA0 /* Localizable.strings */ = {
			isa = PBXVariantGroup;
			children = (
				02CC9EEA17A21B5D00C26EA0 /* zh-Hans */,
				02CC9EEC17A21B6800C26EA0 /* en */,
			);
			name = Localizable.strings;
			path = ..;
			sourceTree = "<group>";
		};
/* End PBXVariantGroup section */

/* Begin XCBuildConfiguration section */
		020C00C3178E524C006645D9 /* Debug */ = {
			isa = XCBuildConfiguration;
			buildSettings = {
				ALWAYS_SEARCH_USER_PATHS = NO;
				CLANG_CXX_LANGUAGE_STANDARD = "gnu++0x";
				CLANG_CXX_LIBRARY = "libc++";
				CLANG_ENABLE_OBJC_ARC = YES;
				CLANG_WARN_CONSTANT_CONVERSION = YES;
				CLANG_WARN_EMPTY_BODY = YES;
				CLANG_WARN_ENUM_CONVERSION = YES;
				CLANG_WARN_INT_CONVERSION = YES;
				CLANG_WARN__DUPLICATE_METHOD_MATCH = YES;
				"CODE_SIGN_IDENTITY[sdk=iphoneos*]" = "iPhone Developer";
				COPY_PHASE_STRIP = NO;
				GCC_C_LANGUAGE_STANDARD = gnu99;
				GCC_DYNAMIC_NO_PIC = NO;
				GCC_OPTIMIZATION_LEVEL = 0;
				GCC_PREPROCESSOR_DEFINITIONS = (
					"DEBUG=1",
					"$(inherited)",
				);
				GCC_SYMBOLS_PRIVATE_EXTERN = NO;
				GCC_WARN_ABOUT_RETURN_TYPE = YES;
				GCC_WARN_UNINITIALIZED_AUTOS = YES;
				GCC_WARN_UNUSED_VARIABLE = YES;
				IPHONEOS_DEPLOYMENT_TARGET = 6.0;
				ONLY_ACTIVE_ARCH = YES;
				SDKROOT = iphoneos;
			};
			name = Debug;
		};
		020C00C4178E524C006645D9 /* Release */ = {
			isa = XCBuildConfiguration;
			buildSettings = {
				ALWAYS_SEARCH_USER_PATHS = NO;
				CLANG_CXX_LANGUAGE_STANDARD = "gnu++0x";
				CLANG_CXX_LIBRARY = "libc++";
				CLANG_ENABLE_OBJC_ARC = YES;
				CLANG_WARN_CONSTANT_CONVERSION = YES;
				CLANG_WARN_EMPTY_BODY = YES;
				CLANG_WARN_ENUM_CONVERSION = YES;
				CLANG_WARN_INT_CONVERSION = YES;
				CLANG_WARN__DUPLICATE_METHOD_MATCH = YES;
				"CODE_SIGN_IDENTITY[sdk=iphoneos*]" = "iPhone Developer";
				COPY_PHASE_STRIP = YES;
				GCC_C_LANGUAGE_STANDARD = gnu99;
				GCC_WARN_ABOUT_RETURN_TYPE = YES;
				GCC_WARN_UNINITIALIZED_AUTOS = YES;
				GCC_WARN_UNUSED_VARIABLE = YES;
				IPHONEOS_DEPLOYMENT_TARGET = 6.0;
				OTHER_CFLAGS = "-DNS_BLOCK_ASSERTIONS=1";
				SDKROOT = iphoneos;
				VALIDATE_PRODUCT = YES;
			};
			name = Release;
		};
		020C00C6178E524C006645D9 /* Debug */ = {
			isa = XCBuildConfiguration;
			baseConfigurationReference = 7B6CF3C5EDD34D50A276DA2C /* Pods.xcconfig */;
			buildSettings = {
				CODE_SIGN_IDENTITY = "iPhone Developer";
				GCC_PRECOMPILE_PREFIX_HEADER = YES;
				GCC_PREFIX_HEADER = "LifeSings/LifeSings-Prefix.pch";
				INFOPLIST_FILE = "LifeSings/LifeSings-Info.plist";
				IPHONEOS_DEPLOYMENT_TARGET = 6.0;
				PRODUCT_NAME = "$(TARGET_NAME)";
				USER_HEADER_SEARCH_PATHS = "\"${PROJECT_DIR}/Pods\"/**";
				WRAPPER_EXTENSION = app;
			};
			name = Debug;
		};
		020C00C7178E524C006645D9 /* Release */ = {
			isa = XCBuildConfiguration;
			baseConfigurationReference = 7B6CF3C5EDD34D50A276DA2C /* Pods.xcconfig */;
			buildSettings = {
				CODE_SIGN_IDENTITY = "iPhone Developer";
				GCC_PRECOMPILE_PREFIX_HEADER = YES;
				GCC_PREFIX_HEADER = "LifeSings/LifeSings-Prefix.pch";
				INFOPLIST_FILE = "LifeSings/LifeSings-Info.plist";
				IPHONEOS_DEPLOYMENT_TARGET = 6.0;
				PRODUCT_NAME = "$(TARGET_NAME)";
				USER_HEADER_SEARCH_PATHS = "\"${PROJECT_DIR}/Pods\"/**";
				WRAPPER_EXTENSION = app;
			};
			name = Release;
		};
		020C00C9178E524C006645D9 /* Debug */ = {
			isa = XCBuildConfiguration;
			buildSettings = {
				BUNDLE_LOADER = "$(BUILT_PRODUCTS_DIR)/LifeSings.app/LifeSings";
				FRAMEWORK_SEARCH_PATHS = (
					"\"$(SDKROOT)/Developer/Library/Frameworks\"",
					"\"$(DEVELOPER_LIBRARY_DIR)/Frameworks\"",
				);
				GCC_PRECOMPILE_PREFIX_HEADER = YES;
				GCC_PREFIX_HEADER = "LifeSings/LifeSings-Prefix.pch";
				INFOPLIST_FILE = "LifeSingsTests/LifeSingsTests-Info.plist";
				PRODUCT_NAME = "$(TARGET_NAME)";
				TEST_HOST = "$(BUNDLE_LOADER)";
				WRAPPER_EXTENSION = octest;
			};
			name = Debug;
		};
		020C00CA178E524C006645D9 /* Release */ = {
			isa = XCBuildConfiguration;
			buildSettings = {
				BUNDLE_LOADER = "$(BUILT_PRODUCTS_DIR)/LifeSings.app/LifeSings";
				FRAMEWORK_SEARCH_PATHS = (
					"\"$(SDKROOT)/Developer/Library/Frameworks\"",
					"\"$(DEVELOPER_LIBRARY_DIR)/Frameworks\"",
				);
				GCC_PRECOMPILE_PREFIX_HEADER = YES;
				GCC_PREFIX_HEADER = "LifeSings/LifeSings-Prefix.pch";
				INFOPLIST_FILE = "LifeSingsTests/LifeSingsTests-Info.plist";
				PRODUCT_NAME = "$(TARGET_NAME)";
				TEST_HOST = "$(BUNDLE_LOADER)";
				WRAPPER_EXTENSION = octest;
			};
			name = Release;
		};
/* End XCBuildConfiguration section */

/* Begin XCConfigurationList section */
		020C0088178E524C006645D9 /* Build configuration list for PBXProject "LifeSings" */ = {
			isa = XCConfigurationList;
			buildConfigurations = (
				020C00C3178E524C006645D9 /* Debug */,
				020C00C4178E524C006645D9 /* Release */,
			);
			defaultConfigurationIsVisible = 0;
			defaultConfigurationName = Release;
		};
		020C00C5178E524C006645D9 /* Build configuration list for PBXNativeTarget "LifeSings" */ = {
			isa = XCConfigurationList;
			buildConfigurations = (
				020C00C6178E524C006645D9 /* Debug */,
				020C00C7178E524C006645D9 /* Release */,
			);
			defaultConfigurationIsVisible = 0;
			defaultConfigurationName = Release;
		};
		020C00C8178E524C006645D9 /* Build configuration list for PBXNativeTarget "LifeSingsTests" */ = {
			isa = XCConfigurationList;
			buildConfigurations = (
				020C00C9178E524C006645D9 /* Debug */,
				020C00CA178E524C006645D9 /* Release */,
			);
			defaultConfigurationIsVisible = 0;
			defaultConfigurationName = Release;
		};
/* End XCConfigurationList section */

/* Begin XCVersionGroup section */
		020C00AA178E524C006645D9 /* LifeSings.xcdatamodeld */ = {
			isa = XCVersionGroup;
			children = (
				020C00AB178E524C006645D9 /* LifeSings.xcdatamodel */,
			);
			currentVersion = 020C00AB178E524C006645D9 /* LifeSings.xcdatamodel */;
			path = LifeSings.xcdatamodeld;
			sourceTree = "<group>";
			versionGroupType = wrapper.xcdatamodel;
		};
/* End XCVersionGroup section */
	};
	rootObject = 020C0085178E524C006645D9 /* Project object */;
}
